
Microsoft Visual Studio Solution File, Format Version 12.00
# Visual Studio Version 16
VisualStudioVersion = 16.0.30611.23
MinimumVisualStudioVersion = 10.0.40219.1
Project("{FAE04EC0-301F-11D3-BF4B-00C04F79EFBC}") = "ConsoleApp1", "ConsoleApp1\ConsoleApp1.csproj", "{8F4CD157-0220-4E89-AD2D-F62BA5458786}"
EndProject
Global
	GlobalSection(SolutionConfigurationPlatforms) = preSolution
		Debug|Any CPU = Debug|Any CPU
		Release|Any CPU = Release|Any CPU
	EndGlobalSection
	GlobalSection(ProjectConfigurationPlatforms) = postSolution
		{8F4CD157-0220-4E89-AD2D-F62BA5458786}.Debug|Any CPU.ActiveCfg = Debug|Any CPU
		{8F4CD157-0220-4E89-AD2D-F62BA5458786}.Debug|Any CPU.Build.0 = Debug|Any CPU
		{8F4CD157-0220-4E89-AD2D-F62BA5458786}.Release|Any CPU.ActiveCfg = Release|Any CPU
		{8F4CD157-0220-4E89-AD2D-F62BA5458786}.Release|Any CPU.Build.0 = Release|Any CPU
	EndGlobalSection
	GlobalSection(SolutionProperties) = preSolution
		HideSolutionNode = FALSE
	EndGlobalSection
	GlobalSection(ExtensibilityGlobals) = postSolution
		SolutionGuid = {EF9992E8-EBC3-46D0-AFD8-838A40760D6F}
	EndGlobalSection
EndGlobal
